// !$*UTF8*$!
{
	archiveVersion = 1;
	classes = {
	};
	objectVersion = 50;
	objects = {

/* Begin PBXBuildFile section */
		80C73FDE259F475E00EE8631 /* AppDelegate.swift in Sources */ = {isa = PBXBuildFile; fileRef = 80C73FDD259F475E00EE8631 /* AppDelegate.swift */; };
		80C73FE5259F475E00EE8631 /* Main.storyboard in Resources */ = {isa = PBXBuildFile; fileRef = 80C73FE3259F475E00EE8631 /* Main.storyboard */; };
		80C73FE7259F475F00EE8631 /* Assets.xcassets in Resources */ = {isa = PBXBuildFile; fileRef = 80C73FE6259F475F00EE8631 /* Assets.xcassets */; };
		80C73FEA259F475F00EE8631 /* LaunchScreen.storyboard in Resources */ = {isa = PBXBuildFile; fileRef = 80C73FE8259F475F00EE8631 /* LaunchScreen.storyboard */; };
		80C73FF5259F475F00EE8631 /* ChatAppTests.swift in Sources */ = {isa = PBXBuildFile; fileRef = 80C73FF4259F475F00EE8631 /* ChatAppTests.swift */; };
		80C74000259F475F00EE8631 /* ChatAppUITests.swift in Sources */ = {isa = PBXBuildFile; fileRef = 80C73FFF259F475F00EE8631 /* ChatAppUITests.swift */; };
		80C74010259F656E00EE8631 /* LoginViewController.swift in Sources */ = {isa = PBXBuildFile; fileRef = 80C7400E259F656E00EE8631 /* LoginViewController.swift */; };
		80C74011259F656E00EE8631 /* LoginViewController.xib in Resources */ = {isa = PBXBuildFile; fileRef = 80C7400F259F656E00EE8631 /* LoginViewController.xib */; };
		80C74014259F669500EE8631 /* CustomTextFieldView.xib in Resources */ = {isa = PBXBuildFile; fileRef = 80C74013259F669500EE8631 /* CustomTextFieldView.xib */; };
		80C74017259F6AC400EE8631 /* CustomTextFieldView.swift in Sources */ = {isa = PBXBuildFile; fileRef = 80C74016259F6AC400EE8631 /* CustomTextFieldView.swift */; };
/* End PBXBuildFile section */

/* Begin PBXContainerItemProxy section */
		80C73FF1259F475F00EE8631 /* PBXContainerItemProxy */ = {
			isa = PBXContainerItemProxy;
			containerPortal = 80C73FD2259F475D00EE8631 /* Project object */;
			proxyType = 1;
			remoteGlobalIDString = 80C73FD9259F475D00EE8631;
			remoteInfo = ChatApp;
		};
		80C73FFC259F475F00EE8631 /* PBXContainerItemProxy */ = {
			isa = PBXContainerItemProxy;
			containerPortal = 80C73FD2259F475D00EE8631 /* Project object */;
			proxyType = 1;
			remoteGlobalIDString = 80C73FD9259F475D00EE8631;
			remoteInfo = ChatApp;
		};
/* End PBXContainerItemProxy section */

/* Begin PBXFileReference section */
		80C73FDA259F475D00EE8631 /* ChatApp.app */ = {isa = PBXFileReference; explicitFileType = wrapper.application; includeInIndex = 0; path = ChatApp.app; sourceTree = BUILT_PRODUCTS_DIR; };
		80C73FDD259F475E00EE8631 /* AppDelegate.swift */ = {isa = PBXFileReference; lastKnownFileType = sourcecode.swift; path = AppDelegate.swift; sourceTree = "<group>"; };
		80C73FE4259F475E00EE8631 /* Base */ = {isa = PBXFileReference; lastKnownFileType = file.storyboard; name = Base; path = Base.lproj/Main.storyboard; sourceTree = "<group>"; };
		80C73FE6259F475F00EE8631 /* Assets.xcassets */ = {isa = PBXFileReference; lastKnownFileType = folder.assetcatalog; path = Assets.xcassets; sourceTree = "<group>"; };
		80C73FE9259F475F00EE8631 /* Base */ = {isa = PBXFileReference; lastKnownFileType = file.storyboard; name = Base; path = Base.lproj/LaunchScreen.storyboard; sourceTree = "<group>"; };
		80C73FEB259F475F00EE8631 /* Info.plist */ = {isa = PBXFileReference; lastKnownFileType = text.plist.xml; path = Info.plist; sourceTree = "<group>"; };
		80C73FF0259F475F00EE8631 /* ChatAppTests.xctest */ = {isa = PBXFileReference; explicitFileType = wrapper.cfbundle; includeInIndex = 0; path = ChatAppTests.xctest; sourceTree = BUILT_PRODUCTS_DIR; };
		80C73FF4259F475F00EE8631 /* ChatAppTests.swift */ = {isa = PBXFileReference; lastKnownFileType = sourcecode.swift; path = ChatAppTests.swift; sourceTree = "<group>"; };
		80C73FF6259F475F00EE8631 /* Info.plist */ = {isa = PBXFileReference; lastKnownFileType = text.plist.xml; path = Info.plist; sourceTree = "<group>"; };
		80C73FFB259F475F00EE8631 /* ChatAppUITests.xctest */ = {isa = PBXFileReference; explicitFileType = wrapper.cfbundle; includeInIndex = 0; path = ChatAppUITests.xctest; sourceTree = BUILT_PRODUCTS_DIR; };
		80C73FFF259F475F00EE8631 /* ChatAppUITests.swift */ = {isa = PBXFileReference; lastKnownFileType = sourcecode.swift; path = ChatAppUITests.swift; sourceTree = "<group>"; };
		80C74001259F475F00EE8631 /* Info.plist */ = {isa = PBXFileReference; lastKnownFileType = text.plist.xml; path = Info.plist; sourceTree = "<group>"; };
		80C7400E259F656E00EE8631 /* LoginViewController.swift */ = {isa = PBXFileReference; lastKnownFileType = sourcecode.swift; path = LoginViewController.swift; sourceTree = "<group>"; };
		80C7400F259F656E00EE8631 /* LoginViewController.xib */ = {isa = PBXFileReference; lastKnownFileType = file.xib; path = LoginViewController.xib; sourceTree = "<group>"; };
		80C74013259F669500EE8631 /* CustomTextFieldView.xib */ = {isa = PBXFileReference; lastKnownFileType = file.xib; path = CustomTextFieldView.xib; sourceTree = "<group>"; };
		80C74016259F6AC400EE8631 /* CustomTextFieldView.swift */ = {isa = PBXFileReference; lastKnownFileType = sourcecode.swift; path = CustomTextFieldView.swift; sourceTree = "<group>"; };
/* End PBXFileReference section */

/* Begin PBXFrameworksBuildPhase section */
		80C73FD7259F475D00EE8631 /* Frameworks */ = {
			isa = PBXFrameworksBuildPhase;
			buildActionMask = 2147483647;
			files = (
			);
			runOnlyForDeploymentPostprocessing = 0;
		};
		80C73FED259F475F00EE8631 /* Frameworks */ = {
			isa = PBXFrameworksBuildPhase;
			buildActionMask = 2147483647;
			files = (
			);
			runOnlyForDeploymentPostprocessing = 0;
		};
		80C73FF8259F475F00EE8631 /* Frameworks */ = {
			isa = PBXFrameworksBuildPhase;
			buildActionMask = 2147483647;
			files = (
			);
			runOnlyForDeploymentPostprocessing = 0;
		};
/* End PBXFrameworksBuildPhase section */

/* Begin PBXGroup section */
		80C73FD1259F475D00EE8631 = {
			isa = PBXGroup;
			children = (
				80C73FDC259F475D00EE8631 /* ChatApp */,
				80C73FF3259F475F00EE8631 /* ChatAppTests */,
				80C73FFE259F475F00EE8631 /* ChatAppUITests */,
				80C73FDB259F475D00EE8631 /* Products */,
			);
			sourceTree = "<group>";
		};
		80C73FDB259F475D00EE8631 /* Products */ = {
			isa = PBXGroup;
			children = (
				80C73FDA259F475D00EE8631 /* ChatApp.app */,
				80C73FF0259F475F00EE8631 /* ChatAppTests.xctest */,
				80C73FFB259F475F00EE8631 /* ChatAppUITests.xctest */,
			);
			name = Products;
			sourceTree = "<group>";
		};
		80C73FDC259F475D00EE8631 /* ChatApp */ = {
			isa = PBXGroup;
			children = (
				80C74012259F666800EE8631 /* Views */,
				80C7400D259F652F00EE8631 /* Controllers */,
				80C73FDD259F475E00EE8631 /* AppDelegate.swift */,
				80C73FE3259F475E00EE8631 /* Main.storyboard */,
				80C73FE6259F475F00EE8631 /* Assets.xcassets */,
				80C73FE8259F475F00EE8631 /* LaunchScreen.storyboard */,
				80C73FEB259F475F00EE8631 /* Info.plist */,
			);
			path = ChatApp;
			sourceTree = "<group>";
		};
		80C73FF3259F475F00EE8631 /* ChatAppTests */ = {
			isa = PBXGroup;
			children = (
				80C73FF4259F475F00EE8631 /* ChatAppTests.swift */,
				80C73FF6259F475F00EE8631 /* Info.plist */,
			);
			path = ChatAppTests;
			sourceTree = "<group>";
		};
		80C73FFE259F475F00EE8631 /* ChatAppUITests */ = {
			isa = PBXGroup;
			children = (
				80C73FFF259F475F00EE8631 /* ChatAppUITests.swift */,
				80C74001259F475F00EE8631 /* Info.plist */,
			);
			path = ChatAppUITests;
			sourceTree = "<group>";
		};
		80C7400D259F652F00EE8631 /* Controllers */ = {
			isa = PBXGroup;
			children = (
				80C7400E259F656E00EE8631 /* LoginViewController.swift */,
				80C7400F259F656E00EE8631 /* LoginViewController.xib */,
			);
			path = Controllers;
			sourceTree = "<group>";
		};
		80C74012259F666800EE8631 /* Views */ = {
			isa = PBXGroup;
			children = (
				80C74015259F6AA300EE8631 /* TextField */,
			);
			path = Views;
			sourceTree = "<group>";
		};
		80C74015259F6AA300EE8631 /* TextField */ = {
			isa = PBXGroup;
			children = (
				80C74013259F669500EE8631 /* CustomTextFieldView.xib */,
				80C74016259F6AC400EE8631 /* CustomTextFieldView.swift */,
			);
			path = TextField;
			sourceTree = "<group>";
		};
/* End PBXGroup section */

/* Begin PBXNativeTarget section */
		80C73FD9259F475D00EE8631 /* ChatApp */ = {
			isa = PBXNativeTarget;
			buildConfigurationList = 80C74004259F475F00EE8631 /* Build configuration list for PBXNativeTarget "ChatApp" */;
			buildPhases = (
				80C73FD6259F475D00EE8631 /* Sources */,
				80C73FD7259F475D00EE8631 /* Frameworks */,
				80C73FD8259F475D00EE8631 /* Resources */,
			);
			buildRules = (
			);
			dependencies = (
			);
			name = ChatApp;
			productName = ChatApp;
			productReference = 80C73FDA259F475D00EE8631 /* ChatApp.app */;
			productType = "com.apple.product-type.application";
		};
		80C73FEF259F475F00EE8631 /* ChatAppTests */ = {
			isa = PBXNativeTarget;
			buildConfigurationList = 80C74007259F475F00EE8631 /* Build configuration list for PBXNativeTarget "ChatAppTests" */;
			buildPhases = (
				80C73FEC259F475F00EE8631 /* Sources */,
				80C73FED259F475F00EE8631 /* Frameworks */,
				80C73FEE259F475F00EE8631 /* Resources */,
			);
			buildRules = (
			);
			dependencies = (
				80C73FF2259F475F00EE8631 /* PBXTargetDependency */,
			);
			name = ChatAppTests;
			productName = ChatAppTests;
			productReference = 80C73FF0259F475F00EE8631 /* ChatAppTests.xctest */;
			productType = "com.apple.product-type.bundle.unit-test";
		};
		80C73FFA259F475F00EE8631 /* ChatAppUITests */ = {
			isa = PBXNativeTarget;
			buildConfigurationList = 80C7400A259F475F00EE8631 /* Build configuration list for PBXNativeTarget "ChatAppUITests" */;
			buildPhases = (
				80C73FF7259F475F00EE8631 /* Sources */,
				80C73FF8259F475F00EE8631 /* Frameworks */,
				80C73FF9259F475F00EE8631 /* Resources */,
			);
			buildRules = (
			);
			dependencies = (
				80C73FFD259F475F00EE8631 /* PBXTargetDependency */,
			);
			name = ChatAppUITests;
			productName = ChatAppUITests;
			productReference = 80C73FFB259F475F00EE8631 /* ChatAppUITests.xctest */;
			productType = "com.apple.product-type.bundle.ui-testing";
		};
/* End PBXNativeTarget section */

/* Begin PBXProject section */
		80C73FD2259F475D00EE8631 /* Project object */ = {
			isa = PBXProject;
			attributes = {
				LastSwiftUpdateCheck = 1130;
				LastUpgradeCheck = 1130;
				ORGANIZATIONNAME = salma;
				TargetAttributes = {
					80C73FD9259F475D00EE8631 = {
						CreatedOnToolsVersion = 11.3.1;
					};
					80C73FEF259F475F00EE8631 = {
						CreatedOnToolsVersion = 11.3.1;
						TestTargetID = 80C73FD9259F475D00EE8631;
					};
					80C73FFA259F475F00EE8631 = {
						CreatedOnToolsVersion = 11.3.1;
						TestTargetID = 80C73FD9259F475D00EE8631;
					};
				};
			};
			buildConfigurationList = 80C73FD5259F475D00EE8631 /* Build configuration list for PBXProject "ChatApp" */;
			compatibilityVersion = "Xcode 9.3";
			developmentRegion = en;
			hasScannedForEncodings = 0;
			knownRegions = (
				en,
				Base,
			);
			mainGroup = 80C73FD1259F475D00EE8631;
			productRefGroup = 80C73FDB259F475D00EE8631 /* Products */;
			projectDirPath = "";
			projectRoot = "";
			targets = (
				80C73FD9259F475D00EE8631 /* ChatApp */,
				80C73FEF259F475F00EE8631 /* ChatAppTests */,
				80C73FFA259F475F00EE8631 /* ChatAppUITests */,
			);
		};
/* End PBXProject section */

/* Begin PBXResourcesBuildPhase section */
		80C73FD8259F475D00EE8631 /* Resources */ = {
			isa = PBXResourcesBuildPhase;
			buildActionMask = 2147483647;
			files = (
				80C74014259F669500EE8631 /* CustomTextFieldView.xib in Resources */,
				80C74011259F656E00EE8631 /* LoginViewController.xib in Resources */,
				80C73FEA259F475F00EE8631 /* LaunchScreen.storyboard in Resources */,
				80C73FE7259F475F00EE8631 /* Assets.xcassets in Resources */,
				80C73FE5259F475E00EE8631 /* Main.storyboard in Resources */,
			);
			runOnlyForDeploymentPostprocessing = 0;
		};
		80C73FEE259F475F00EE8631 /* Resources */ = {
			isa = PBXResourcesBuildPhase;
			buildActionMask = 2147483647;
			files = (
			);
			runOnlyForDeploymentPostprocessing = 0;
		};
		80C73FF9259F475F00EE8631 /* Resources */ = {
			isa = PBXResourcesBuildPhase;
			buildActionMask = 2147483647;
			files = (
			);
			runOnlyForDeploymentPostprocessing = 0;
		};
/* End PBXResourcesBuildPhase section */

/* Begin PBXSourcesBuildPhase section */
		80C73FD6259F475D00EE8631 /* Sources */ = {
			isa = PBXSourcesBuildPhase;
			buildActionMask = 2147483647;
			files = (
				80C74010259F656E00EE8631 /* LoginViewController.swift in Sources */,
				80C73FDE259F475E00EE8631 /* AppDelegate.swift in Sources */,
				80C74017259F6AC400EE8631 /* CustomTextFieldView.swift in Sources */,
			);
			runOnlyForDeploymentPostprocessing = 0;
		};
		80C73FEC259F475F00EE8631 /* Sources */ = {
			isa = PBXSourcesBuildPhase;
			buildActionMask = 2147483647;
			files = (
				80C73FF5259F475F00EE8631 /* ChatAppTests.swift in Sources */,
			);
			runOnlyForDeploymentPostprocessing = 0;
		};
		80C73FF7259F475F00EE8631 /* Sources */ = {
			isa = PBXSourcesBuildPhase;
			buildActionMask = 2147483647;
			files = (
				80C74000259F475F00EE8631 /* ChatAppUITests.swift in Sources */,
			);
			runOnlyForDeploymentPostprocessing = 0;
		};
/* End PBXSourcesBuildPhase section */

/* Begin PBXTargetDependency section */
		80C73FF2259F475F00EE8631 /* PBXTargetDependency */ = {
			isa = PBXTargetDependency;
			target = 80C73FD9259F475D00EE8631 /* ChatApp */;
			targetProxy = 80C73FF1259F475F00EE8631 /* PBXContainerItemProxy */;
		};
		80C73FFD259F475F00EE8631 /* PBXTargetDependency */ = {
			isa = PBXTargetDependency;
			target = 80C73FD9259F475D00EE8631 /* ChatApp */;
			targetProxy = 80C73FFC259F475F00EE8631 /* PBXContainerItemProxy */;
		};
/* End PBXTargetDependency section */

/* Begin PBXVariantGroup section */
		80C73FE3259F475E00EE8631 /* Main.storyboard */ = {
			isa = PBXVariantGroup;
			children = (
				80C73FE4259F475E00EE8631 /* Base */,
			);
			name = Main.storyboard;
			sourceTree = "<group>";
		};
		80C73FE8259F475F00EE8631 /* LaunchScreen.storyboard */ = {
			isa = PBXVariantGroup;
			children = (
				80C73FE9259F475F00EE8631 /* Base */,
			);
			name = LaunchScreen.storyboard;
			sourceTree = "<group>";
		};
/* End PBXVariantGroup section */

/* Begin XCBuildConfiguration section */
		80C74002259F475F00EE8631 /* Debug */ = {
			isa = XCBuildConfiguration;
			buildSettings = {
				ALWAYS_SEARCH_USER_PATHS = NO;
				CLANG_ANALYZER_NONNULL = YES;
				CLANG_ANALYZER_NUMBER_OBJECT_CONVERSION = YES_AGGRESSIVE;
				CLANG_CXX_LANGUAGE_STANDARD = "gnu++14";
				CLANG_CXX_LIBRARY = "libc++";
				CLANG_ENABLE_MODULES = YES;
				CLANG_ENABLE_OBJC_ARC = YES;
				CLANG_ENABLE_OBJC_WEAK = YES;
				CLANG_WARN_BLOCK_CAPTURE_AUTORELEASING = YES;
				CLANG_WARN_BOOL_CONVERSION = YES;
				CLANG_WARN_COMMA = YES;
				CLANG_WARN_CONSTANT_CONVERSION = YES;
				CLANG_WARN_DEPRECATED_OBJC_IMPLEMENTATIONS = YES;
				CLANG_WARN_DIRECT_OBJC_ISA_USAGE = YES_ERROR;
				CLANG_WARN_DOCUMENTATION_COMMENTS = YES;
				CLANG_WARN_EMPTY_BODY = YES;
				CLANG_WARN_ENUM_CONVERSION = YES;
				CLANG_WARN_INFINITE_RECURSION = YES;
				CLANG_WARN_INT_CONVERSION = YES;
				CLANG_WARN_NON_LITERAL_NULL_CONVERSION = YES;
				CLANG_WARN_OBJC_IMPLICIT_RETAIN_SELF = YES;
				CLANG_WARN_OBJC_LITERAL_CONVERSION = YES;
				CLANG_WARN_OBJC_ROOT_CLASS = YES_ERROR;
				CLANG_WARN_RANGE_LOOP_ANALYSIS = YES;
				CLANG_WARN_STRICT_PROTOTYPES = YES;
				CLANG_WARN_SUSPICIOUS_MOVE = YES;
				CLANG_WARN_UNGUARDED_AVAILABILITY = YES_AGGRESSIVE;
				CLANG_WARN_UNREACHABLE_CODE = YES;
				CLANG_WARN__DUPLICATE_METHOD_MATCH = YES;
				COPY_PHASE_STRIP = NO;
				DEBUG_INFORMATION_FORMAT = dwarf;
				ENABLE_STRICT_OBJC_MSGSEND = YES;
				ENABLE_TESTABILITY = YES;
				GCC_C_LANGUAGE_STANDARD = gnu11;
				GCC_DYNAMIC_NO_PIC = NO;
				GCC_NO_COMMON_BLOCKS = YES;
				GCC_OPTIMIZATION_LEVEL = 0;
				GCC_PREPROCESSOR_DEFINITIONS = (
					"DEBUG=1",
					"$(inherited)",
				);
				GCC_WARN_64_TO_32_BIT_CONVERSION = YES;
				GCC_WARN_ABOUT_RETURN_TYPE = YES_ERROR;
				GCC_WARN_UNDECLARED_SELECTOR = YES;
				GCC_WARN_UNINITIALIZED_AUTOS = YES_AGGRESSIVE;
				GCC_WARN_UNUSED_FUNCTION = YES;
				GCC_WARN_UNUSED_VARIABLE = YES;
				IPHONEOS_DEPLOYMENT_TARGET = 13.2;
				MTL_ENABLE_DEBUG_INFO = INCLUDE_SOURCE;
				MTL_FAST_MATH = YES;
				ONLY_ACTIVE_ARCH = YES;
				SDKROOT = iphoneos;
				SWIFT_ACTIVE_COMPILATION_CONDITIONS = DEBUG;
				SWIFT_OPTIMIZATION_LEVEL = "-Onone";
			};
			name = Debug;
		};
		80C74003259F475F00EE8631 /* Release */ = {
			isa = XCBuildConfiguration;
			buildSettings = {
				ALWAYS_SEARCH_USER_PATHS = NO;
				CLANG_ANALYZER_NONNULL = YES;
				CLANG_ANALYZER_NUMBER_OBJECT_CONVERSION = YES_AGGRESSIVE;
				CLANG_CXX_LANGUAGE_STANDARD = "gnu++14";
				CLANG_CXX_LIBRARY = "libc++";
				CLANG_ENABLE_MODULES = YES;
				CLANG_ENABLE_OBJC_ARC = YES;
				CLANG_ENABLE_OBJC_WEAK = YES;
				CLANG_WARN_BLOCK_CAPTURE_AUTORELEASING = YES;
				CLANG_WARN_BOOL_CONVERSION = YES;
				CLANG_WARN_COMMA = YES;
				CLANG_WARN_CONSTANT_CONVERSION = YES;
				CLANG_WARN_DEPRECATED_OBJC_IMPLEMENTATIONS = YES;
				CLANG_WARN_DIRECT_OBJC_ISA_USAGE = YES_ERROR;
				CLANG_WARN_DOCUMENTATION_COMMENTS = YES;
				CLANG_WARN_EMPTY_BODY = YES;
				CLANG_WARN_ENUM_CONVERSION = YES;
				CLANG_WARN_INFINITE_RECURSION = YES;
				CLANG_WARN_INT_CONVERSION = YES;
				CLANG_WARN_NON_LITERAL_NULL_CONVERSION = YES;
				CLANG_WARN_OBJC_IMPLICIT_RETAIN_SELF = YES;
				CLANG_WARN_OBJC_LITERAL_CONVERSION = YES;
				CLANG_WARN_OBJC_ROOT_CLASS = YES_ERROR;
				CLANG_WARN_RANGE_LOOP_ANALYSIS = YES;
				CLANG_WARN_STRICT_PROTOTYPES = YES;
				CLANG_WARN_SUSPICIOUS_MOVE = YES;
				CLANG_WARN_UNGUARDED_AVAILABILITY = YES_AGGRESSIVE;
				CLANG_WARN_UNREACHABLE_CODE = YES;
				CLANG_WARN__DUPLICATE_METHOD_MATCH = YES;
				COPY_PHASE_STRIP = NO;
				DEBUG_INFORMATION_FORMAT = "dwarf-with-dsym";
				ENABLE_NS_ASSERTIONS = NO;
				ENABLE_STRICT_OBJC_MSGSEND = YES;
				GCC_C_LANGUAGE_STANDARD = gnu11;
				GCC_NO_COMMON_BLOCKS = YES;
				GCC_WARN_64_TO_32_BIT_CONVERSION = YES;
				GCC_WARN_ABOUT_RETURN_TYPE = YES_ERROR;
				GCC_WARN_UNDECLARED_SELECTOR = YES;
				GCC_WARN_UNINITIALIZED_AUTOS = YES_AGGRESSIVE;
				GCC_WARN_UNUSED_FUNCTION = YES;
				GCC_WARN_UNUSED_VARIABLE = YES;
				IPHONEOS_DEPLOYMENT_TARGET = 13.2;
				MTL_ENABLE_DEBUG_INFO = NO;
				MTL_FAST_MATH = YES;
				SDKROOT = iphoneos;
				SWIFT_COMPILATION_MODE = wholemodule;
				SWIFT_OPTIMIZATION_LEVEL = "-O";
				VALIDATE_PRODUCT = YES;
			};
			name = Release;
		};
		80C74005259F475F00EE8631 /* Debug */ = {
			isa = XCBuildConfiguration;
			buildSettings = {
				ASSETCATALOG_COMPILER_APPICON_NAME = AppIcon;
				CODE_SIGN_STYLE = Automatic;
				DEVELOPMENT_TEAM = 2VH28277N9;
				INFOPLIST_FILE = ChatApp/Info.plist;
				LD_RUNPATH_SEARCH_PATHS = (
					"$(inherited)",
					"@executable_path/Frameworks",
				);
				PRODUCT_BUNDLE_IDENTIFIER = com.salma.ChatApp;
				PRODUCT_NAME = "$(TARGET_NAME)";
				SWIFT_VERSION = 5.0;
				TARGETED_DEVICE_FAMILY = "1,2";
			};
			name = Debug;
		};
		80C74006259F475F00EE8631 /* Release */ = {
			isa = XCBuildConfiguration;
			buildSettings = {
				ASSETCATALOG_COMPILER_APPICON_NAME = AppIcon;
				CODE_SIGN_STYLE = Automatic;
				DEVELOPMENT_TEAM = 2VH28277N9;
				INFOPLIST_FILE = ChatApp/Info.plist;
				LD_RUNPATH_SEARCH_PATHS = (
					"$(inherited)",
					"@executable_path/Frameworks",
				);
				PRODUCT_BUNDLE_IDENTIFIER = com.salma.ChatApp;
				PRODUCT_NAME = "$(TARGET_NAME)";
				SWIFT_VERSION = 5.0;
				TARGETED_DEVICE_FAMILY = "1,2";
			};
			name = Release;
		};
		80C74008259F475F00EE8631 /* Debug */ = {
			isa = XCBuildConfiguration;
			buildSettings = {
				ALWAYS_EMBED_SWIFT_STANDARD_LIBRARIES = YES;
				BUNDLE_LOADER = "$(TEST_HOST)";
				CODE_SIGN_STYLE = Automatic;
				DEVELOPMENT_TEAM = 2VH28277N9;
				INFOPLIST_FILE = ChatAppTests/Info.plist;
				IPHONEOS_DEPLOYMENT_TARGET = 13.2;
				LD_RUNPATH_SEARCH_PATHS = (
					"$(inherited)",
					"@executable_path/Frameworks",
					"@loader_path/Frameworks",
				);
				PRODUCT_BUNDLE_IDENTIFIER = com.salma.ChatAppTests;
				PRODUCT_NAME = "$(TARGET_NAME)";
				SWIFT_VERSION = 5.0;
				TARGETED_DEVICE_FAMILY = "1,2";
				TEST_HOST = "$(BUILT_PRODUCTS_DIR)/ChatApp.app/ChatApp";
			};
			name = Debug;
		};
		80C74009259F475F00EE8631 /* Release */ = {
			isa = XCBuildConfiguration;
			buildSettings = {
				ALWAYS_EMBED_SWIFT_STANDARD_LIBRARIES = YES;
				BUNDLE_LOADER = "$(TEST_HOST)";
				CODE_SIGN_STYLE = Automatic;
				DEVELOPMENT_TEAM = 2VH28277N9;
				INFOPLIST_FILE = ChatAppTests/Info.plist;
				IPHONEOS_DEPLOYMENT_TARGET = 13.2;
				LD_RUNPATH_SEARCH_PATHS = (
					"$(inherited)",
					"@executable_path/Frameworks",
					"@loader_path/Frameworks",
				);
				PRODUCT_BUNDLE_IDENTIFIER = com.salma.ChatAppTests;
				PRODUCT_NAME = "$(TARGET_NAME)";
				SWIFT_VERSION = 5.0;
				TARGETED_DEVICE_FAMILY = "1,2";
				TEST_HOST = "$(BUILT_PRODUCTS_DIR)/ChatApp.app/ChatApp";
			};
			name = Release;
		};
		80C7400B259F475F00EE8631 /* Debug */ = {
			isa = XCBuildConfiguration;
			buildSettings = {
				ALWAYS_EMBED_SWIFT_STANDARD_LIBRARIES = YES;
				CODE_SIGN_STYLE = Automatic;
				DEVELOPMENT_TEAM = 2VH28277N9;
				INFOPLIST_FILE = ChatAppUITests/Info.plist;
				LD_RUNPATH_SEARCH_PATHS = (
					"$(inherited)",
					"@executable_path/Frameworks",
					"@loader_path/Frameworks",
				);
				PRODUCT_BUNDLE_IDENTIFIER = com.salma.ChatAppUITests;
				PRODUCT_NAME = "$(TARGET_NAME)";
				SWIFT_VERSION = 5.0;
				TARGETED_DEVICE_FAMILY = "1,2";
				TEST_TARGET_NAME = ChatApp;
			};
			name = Debug;
		};
		80C7400C259F475F00EE8631 /* Release */ = {
			isa = XCBuildConfiguration;
			buildSettings = {
				ALWAYS_EMBED_SWIFT_STANDARD_LIBRARIES = YES;
				CODE_SIGN_STYLE = Automatic;
				DEVELOPMENT_TEAM = 2VH28277N9;
				INFOPLIST_FILE = ChatAppUITests/Info.plist;
				LD_RUNPATH_SEARCH_PATHS = (
					"$(inherited)",
					"@executable_path/Frameworks",
					"@loader_path/Frameworks",
				);
				PRODUCT_BUNDLE_IDENTIFIER = com.salma.ChatAppUITests;
				PRODUCT_NAME = "$(TARGET_NAME)";
				SWIFT_VERSION = 5.0;
				TARGETED_DEVICE_FAMILY = "1,2";
				TEST_TARGET_NAME = ChatApp;
			};
			name = Release;
		};
/* End XCBuildConfiguration section */

/* Begin XCConfigurationList section */
		80C73FD5259F475D00EE8631 /* Build configuration list for PBXProject "ChatApp" */ = {
			isa = XCConfigurationList;
			buildConfigurations = (
				80C74002259F475F00EE8631 /* Debug */,
				80C74003259F475F00EE8631 /* Release */,
			);
			defaultConfigurationIsVisible = 0;
			defaultConfigurationName = Release;
		};
		80C74004259F475F00EE8631 /* Build configuration list for PBXNativeTarget "ChatApp" */ = {
			isa = XCConfigurationList;
			buildConfigurations = (
				80C74005259F475F00EE8631 /* Debug */,
				80C74006259F475F00EE8631 /* Release */,
			);
			defaultConfigurationIsVisible = 0;
			defaultConfigurationName = Release;
		};
		80C74007259F475F00EE8631 /* Build configuration list for PBXNativeTarget "ChatAppTests" */ = {
			isa = XCConfigurationList;
			buildConfigurations = (
				80C74008259F475F00EE8631 /* Debug */,
				80C74009259F475F00EE8631 /* Release */,
			);
			defaultConfigurationIsVisible = 0;
			defaultConfigurationName = Release;
		};
		80C7400A259F475F00EE8631 /* Build configuration list for PBXNativeTarget "ChatAppUITests" */ = {
			isa = XCConfigurationList;
			buildConfigurations = (
				80C7400B259F475F00EE8631 /* Debug */,
				80C7400C259F475F00EE8631 /* Release */,
			);
			defaultConfigurationIsVisible = 0;
			defaultConfigurationName = Release;
		};
/* End XCConfigurationList section */
	};
	rootObject = 80C73FD2259F475D00EE8631 /* Project object */;
}
